// !$*UTF8*$!
{
	archiveVersion = 1;
	classes = {
	};
	objectVersion = 55;
	objects = {

/* Begin PBXBuildFile section */
		A5CB1C5128BA28D4007C7969 /* JOYSApp.swift in Sources */ = {isa = PBXBuildFile; fileRef = A5CB1C5028BA28D4007C7969 /* JOYSApp.swift */; };
		A5CB1C5328BA28D4007C7969 /* ContentView.swift in Sources */ = {isa = PBXBuildFile; fileRef = A5CB1C5228BA28D4007C7969 /* ContentView.swift */; };
		A5CB1C5528BA28D5007C7969 /* Assets.xcassets in Resources */ = {isa = PBXBuildFile; fileRef = A5CB1C5428BA28D5007C7969 /* Assets.xcassets */; };
		A5CB1C5828BA28D5007C7969 /* Preview Assets.xcassets in Resources */ = {isa = PBXBuildFile; fileRef = A5CB1C5728BA28D5007C7969 /* Preview Assets.xcassets */; };
		A5CB1C5F28BF9624007C7969 /* Page2.swift in Sources */ = {isa = PBXBuildFile; fileRef = A5CB1C5E28BF9624007C7969 /* Page2.swift */; };
		A5CB1C6128C16891007C7969 /* Colors.swift in Sources */ = {isa = PBXBuildFile; fileRef = A5CB1C6028C16891007C7969 /* Colors.swift */; };
		A5CB1C6328C18DFB007C7969 /* Page3.swift in Sources */ = {isa = PBXBuildFile; fileRef = A5CB1C6228C18DFB007C7969 /* Page3.swift */; };
		A5CB1C6728C20D38007C7969 /* SecPage4.swift in Sources */ = {isa = PBXBuildFile; fileRef = A5CB1C6628C20D38007C7969 /* SecPage4.swift */; };
		A5CB1C7028C28072007C7969 /* SingupPage5.swift in Sources */ = {isa = PBXBuildFile; fileRef = A5CB1C6F28C28072007C7969 /* SingupPage5.swift */; };
		A5CB1C7428C45B75007C7969 /* Launch Screen2.storyboard in Resources */ = {isa = PBXBuildFile; fileRef = A5CB1C7328C45B74007C7969 /* Launch Screen2.storyboard */; };
/* End PBXBuildFile section */

/* Begin PBXFileReference section */
		A5CB1C4D28BA28D4007C7969 /* JOYS.app */ = {isa = PBXFileReference; explicitFileType = wrapper.application; includeInIndex = 0; path = JOYS.app; sourceTree = BUILT_PRODUCTS_DIR; };
		A5CB1C5028BA28D4007C7969 /* JOYSApp.swift */ = {isa = PBXFileReference; lastKnownFileType = sourcecode.swift; path = JOYSApp.swift; sourceTree = "<group>"; };
		A5CB1C5228BA28D4007C7969 /* ContentView.swift */ = {isa = PBXFileReference; lastKnownFileType = sourcecode.swift; path = ContentView.swift; sourceTree = "<group>"; };
		A5CB1C5428BA28D5007C7969 /* Assets.xcassets */ = {isa = PBXFileReference; lastKnownFileType = folder.assetcatalog; path = Assets.xcassets; sourceTree = "<group>"; };
		A5CB1C5728BA28D5007C7969 /* Preview Assets.xcassets */ = {isa = PBXFileReference; lastKnownFileType = folder.assetcatalog; path = "Preview Assets.xcassets"; sourceTree = "<group>"; };
		A5CB1C5E28BF9624007C7969 /* Page2.swift */ = {isa = PBXFileReference; lastKnownFileType = sourcecode.swift; path = Page2.swift; sourceTree = "<group>"; };
		A5CB1C6028C16891007C7969 /* Colors.swift */ = {isa = PBXFileReference; lastKnownFileType = sourcecode.swift; path = Colors.swift; sourceTree = "<group>"; };
		A5CB1C6228C18DFB007C7969 /* Page3.swift */ = {isa = PBXFileReference; lastKnownFileType = sourcecode.swift; path = Page3.swift; sourceTree = "<group>"; };
		A5CB1C6628C20D38007C7969 /* SecPage4.swift */ = {isa = PBXFileReference; lastKnownFileType = sourcecode.swift; path = SecPage4.swift; sourceTree = "<group>"; };
		A5CB1C6F28C28072007C7969 /* SingupPage5.swift */ = {isa = PBXFileReference; lastKnownFileType = sourcecode.swift; path = SingupPage5.swift; sourceTree = "<group>"; };
		A5CB1C7328C45B74007C7969 /* Launch Screen2.storyboard */ = {isa = PBXFileReference; lastKnownFileType = file.storyboard; path = "Launch Screen2.storyboard"; sourceTree = "<group>"; };
/* End PBXFileReference section */

/* Begin PBXFrameworksBuildPhase section */
		A5CB1C4A28BA28D4007C7969 /* Frameworks */ = {
			isa = PBXFrameworksBuildPhase;
			buildActionMask = 2147483647;
			files = (
			);
			runOnlyForDeploymentPostprocessing = 0;
		};
/* End PBXFrameworksBuildPhase section */

/* Begin PBXGroup section */
		A5CB1C4428BA28D4007C7969 = {
			isa = PBXGroup;
			children = (
				A5CB1C4F28BA28D4007C7969 /* JOYS */,
				A5CB1C4E28BA28D4007C7969 /* Products */,
			);
			sourceTree = "<group>";
		};
		A5CB1C4E28BA28D4007C7969 /* Products */ = {
			isa = PBXGroup;
			children = (
				A5CB1C4D28BA28D4007C7969 /* JOYS.app */,
			);
			name = Products;
			sourceTree = "<group>";
		};
		A5CB1C4F28BA28D4007C7969 /* JOYS */ = {
			isa = PBXGroup;
			children = (
				A5CB1C7328C45B74007C7969 /* Launch Screen2.storyboard */,
				A5CB1C5028BA28D4007C7969 /* JOYSApp.swift */,
				A5CB1C5228BA28D4007C7969 /* ContentView.swift */,
				A5CB1C5E28BF9624007C7969 /* Page2.swift */,
				A5CB1C6028C16891007C7969 /* Colors.swift */,
				A5CB1C6228C18DFB007C7969 /* Page3.swift */,
				A5CB1C6628C20D38007C7969 /* SecPage4.swift */,
				A5CB1C6F28C28072007C7969 /* SingupPage5.swift */,
				A5CB1C5428BA28D5007C7969 /* Assets.xcassets */,
				A5CB1C5628BA28D5007C7969 /* Preview Content */,
			);
			path = JOYS;
			sourceTree = "<group>";
		};
		A5CB1C5628BA28D5007C7969 /* Preview Content */ = {
			isa = PBXGroup;
			children = (
				A5CB1C5728BA28D5007C7969 /* Preview Assets.xcassets */,
			);
			path = "Preview Content";
			sourceTree = "<group>";
		};
/* End PBXGroup section */

/* Begin PBXNativeTarget section */
		A5CB1C4C28BA28D4007C7969 /* JOYS */ = {
			isa = PBXNativeTarget;
			buildConfigurationList = A5CB1C5B28BA28D5007C7969 /* Build configuration list for PBXNativeTarget "JOYS" */;
			buildPhases = (
				A5CB1C4928BA28D4007C7969 /* Sources */,
				A5CB1C4A28BA28D4007C7969 /* Frameworks */,
				A5CB1C4B28BA28D4007C7969 /* Resources */,
			);
			buildRules = (
			);
			dependencies = (
			);
			name = JOYS;
			productName = JOYS;
			productReference = A5CB1C4D28BA28D4007C7969 /* JOYS.app */;
			productType = "com.apple.product-type.application";
		};
/* End PBXNativeTarget section */

/* Begin PBXProject section */
		A5CB1C4528BA28D4007C7969 /* Project object */ = {
			isa = PBXProject;
			attributes = {
				BuildIndependentTargetsInParallel = 1;
				LastSwiftUpdateCheck = 1340;
				LastUpgradeCheck = 1340;
				TargetAttributes = {
					A5CB1C4C28BA28D4007C7969 = {
						CreatedOnToolsVersion = 13.4.1;
					};
				};
			};
			buildConfigurationList = A5CB1C4828BA28D4007C7969 /* Build configuration list for PBXProject "JOYS" */;
			compatibilityVersion = "Xcode 13.0";
			developmentRegion = en;
			hasScannedForEncodings = 0;
			knownRegions = (
				en,
				Base,
			);
			mainGroup = A5CB1C4428BA28D4007C7969;
			productRefGroup = A5CB1C4E28BA28D4007C7969 /* Products */;
			projectDirPath = "";
			projectRoot = "";
			targets = (
				A5CB1C4C28BA28D4007C7969 /* JOYS */,
			);
		};
/* End PBXProject section */

/* Begin PBXResourcesBuildPhase section */
		A5CB1C4B28BA28D4007C7969 /* Resources */ = {
			isa = PBXResourcesBuildPhase;
			buildActionMask = 2147483647;
			files = (
				A5CB1C7428C45B75007C7969 /* Launch Screen2.storyboard in Resources */,
				A5CB1C5828BA28D5007C7969 /* Preview Assets.xcassets in Resources */,
				A5CB1C5528BA28D5007C7969 /* Assets.xcassets in Resources */,
			);
			runOnlyForDeploymentPostprocessing = 0;
		};
/* End PBXResourcesBuildPhase section */

/* Begin PBXSourcesBuildPhase section */
		A5CB1C4928BA28D4007C7969 /* Sources */ = {
			isa = PBXSourcesBuildPhase;
			buildActionMask = 2147483647;
			files = (
				A5CB1C6328C18DFB007C7969 /* Page3.swift in Sources */,
				A5CB1C5328BA28D4007C7969 /* ContentView.swift in Sources */,
				A5CB1C6128C16891007C7969 /* Colors.swift in Sources */,
				A5CB1C7028C28072007C7969 /* SingupPage5.swift in Sources */,
				A5CB1C5128BA28D4007C7969 /* JOYSApp.swift in Sources */,
				A5CB1C6728C20D38007C7969 /* SecPage4.swift in Sources */,
				A5CB1C5F28BF9624007C7969 /* Page2.swift in Sources */,
			);
			runOnlyForDeploymentPostprocessing = 0;
		};
/* End PBXSourcesBuildPhase section */

/* Begin XCBuildConfiguration section */
		A5CB1C5928BA28D5007C7969 /* Debug */ = {
			isa = XCBuildConfiguration;
			buildSettings = {
				ALWAYS_SEARCH_USER_PATHS = NO;
				CLANG_ANALYZER_NONNULL = YES;
				CLANG_ANALYZER_NUMBER_OBJECT_CONVERSION = YES_AGGRESSIVE;
				CLANG_CXX_LANGUAGE_STANDARD = "gnu++17";
				CLANG_ENABLE_MODULES = YES;
				CLANG_ENABLE_OBJC_ARC = YES;
				CLANG_ENABLE_OBJC_WEAK = YES;
				CLANG_WARN_BLOCK_CAPTURE_AUTORELEASING = YES;
				CLANG_WARN_BOOL_CONVERSION = YES;
				CLANG_WARN_COMMA = YES;
				CLANG_WARN_CONSTANT_CONVERSION = YES;
				CLANG_WARN_DEPRECATED_OBJC_IMPLEMENTATIONS = YES;
				CLANG_WARN_DIRECT_OBJC_ISA_USAGE = YES_ERROR;
				CLANG_WARN_DOCUMENTATION_COMMENTS = YES;
				CLANG_WARN_EMPTY_BODY = YES;
				CLANG_WARN_ENUM_CONVERSION = YES;
				CLANG_WARN_INFINITE_RECURSION = YES;
				CLANG_WARN_INT_CONVERSION = YES;
				CLANG_WARN_NON_LITERAL_NULL_CONVERSION = YES;
				CLANG_WARN_OBJC_IMPLICIT_RETAIN_SELF = YES;
				CLANG_WARN_OBJC_LITERAL_CONVERSION = YES;
				CLANG_WARN_OBJC_ROOT_CLASS = YES_ERROR;
				CLANG_WARN_QUOTED_INCLUDE_IN_FRAMEWORK_HEADER = YES;
				CLANG_WARN_RANGE_LOOP_ANALYSIS = YES;
				CLANG_WARN_STRICT_PROTOTYPES = YES;
				CLANG_WARN_SUSPICIOUS_MOVE = YES;
				CLANG_WARN_UNGUARDED_AVAILABILITY = YES_AGGRESSIVE;
				CLANG_WARN_UNREACHABLE_CODE = YES;
				CLANG_WARN__DUPLICATE_METHOD_MATCH = YES;
				COPY_PHASE_STRIP = NO;
				DEBUG_INFORMATION_FORMAT = dwarf;
				ENABLE_STRICT_OBJC_MSGSEND = YES;
				ENABLE_TESTABILITY = YES;
				GCC_C_LANGUAGE_STANDARD = gnu11;
				GCC_DYNAMIC_NO_PIC = NO;
				GCC_NO_COMMON_BLOCKS = YES;
				GCC_OPTIMIZATION_LEVEL = 0;
				GCC_PREPROCESSOR_DEFINITIONS = (
					"DEBUG=1",
					"$(inherited)",
				);
				GCC_WARN_64_TO_32_BIT_CONVERSION = YES;
				GCC_WARN_ABOUT_RETURN_TYPE = YES_ERROR;
				GCC_WARN_UNDECLARED_SELECTOR = YES;
				GCC_WARN_UNINITIALIZED_AUTOS = YES_AGGRESSIVE;
				GCC_WARN_UNUSED_FUNCTION = YES;
				GCC_WARN_UNUSED_VARIABLE = YES;
				IPHONEOS_DEPLOYMENT_TARGET = 15.5;
				MTL_ENABLE_DEBUG_INFO = INCLUDE_SOURCE;
				MTL_FAST_MATH = YES;
				ONLY_ACTIVE_ARCH = YES;
				SDKROOT = iphoneos;
				SWIFT_ACTIVE_COMPILATION_CONDITIONS = DEBUG;
				SWIFT_OPTIMIZATION_LEVEL = "-Onone";
			};
			name = Debug;
		};
		A5CB1C5A28BA28D5007C7969 /* Release */ = {
			isa = XCBuildConfiguration;
			buildSettings = {
				ALWAYS_SEARCH_USER_PATHS = NO;
				CLANG_ANALYZER_NONNULL = YES;
				CLANG_ANALYZER_NUMBER_OBJECT_CONVERSION = YES_AGGRESSIVE;
				CLANG_CXX_LANGUAGE_STANDARD = "gnu++17";
				CLANG_ENABLE_MODULES = YES;
				CLANG_ENABLE_OBJC_ARC = YES;
				CLANG_ENABLE_OBJC_WEAK = YES;
				CLANG_WARN_BLOCK_CAPTURE_AUTORELEASING = YES;
				CLANG_WARN_BOOL_CONVERSION = YES;
				CLANG_WARN_COMMA = YES;
				CLANG_WARN_CONSTANT_CONVERSION = YES;
				CLANG_WARN_DEPRECATED_OBJC_IMPLEMENTATIONS = YES;
				CLANG_WARN_DIRECT_OBJC_ISA_USAGE = YES_ERROR;
				CLANG_WARN_DOCUMENTATION_COMMENTS = YES;
				CLANG_WARN_EMPTY_BODY = YES;
				CLANG_WARN_ENUM_CONVERSION = YES;
				CLANG_WARN_INFINITE_RECURSION = YES;
				CLANG_WARN_INT_CONVERSION = YES;
				CLANG_WARN_NON_LITERAL_NULL_CONVERSION = YES;
				CLANG_WARN_OBJC_IMPLICIT_RETAIN_SELF = YES;
				CLANG_WARN_OBJC_LITERAL_CONVERSION = YES;
				CLANG_WARN_OBJC_ROOT_CLASS = YES_ERROR;
				CLANG_WARN_QUOTED_INCLUDE_IN_FRAMEWORK_HEADER = YES;
				CLANG_WARN_RANGE_LOOP_ANALYSIS = YES;
				CLANG_WARN_STRICT_PROTOTYPES = YES;
				CLANG_WARN_SUSPICIOUS_MOVE = YES;
				CLANG_WARN_UNGUARDED_AVAILABILITY = YES_AGGRESSIVE;
				CLANG_WARN_UNREACHABLE_CODE = YES;
				CLANG_WARN__DUPLICATE_METHOD_MATCH = YES;
				COPY_PHASE_STRIP = NO;
				DEBUG_INFORMATION_FORMAT = "dwarf-with-dsym";
				ENABLE_NS_ASSERTIONS = NO;
				ENABLE_STRICT_OBJC_MSGSEND = YES;
				GCC_C_LANGUAGE_STANDARD = gnu11;
				GCC_NO_COMMON_BLOCKS = YES;
				GCC_WARN_64_TO_32_BIT_CONVERSION = YES;
				GCC_WARN_ABOUT_RETURN_TYPE = YES_ERROR;
				GCC_WARN_UNDECLARED_SELECTOR = YES;
				GCC_WARN_UNINITIALIZED_AUTOS = YES_AGGRESSIVE;
				GCC_WARN_UNUSED_FUNCTION = YES;
				GCC_WARN_UNUSED_VARIABLE = YES;
				IPHONEOS_DEPLOYMENT_TARGET = 15.5;
				MTL_ENABLE_DEBUG_INFO = NO;
				MTL_FAST_MATH = YES;
				SDKROOT = iphoneos;
				SWIFT_COMPILATION_MODE = wholemodule;
				SWIFT_OPTIMIZATION_LEVEL = "-O";
				VALIDATE_PRODUCT = YES;
			};
			name = Release;
		};
		A5CB1C5C28BA28D5007C7969 /* Debug */ = {
			isa = XCBuildConfiguration;
			buildSettings = {
				ASSETCATALOG_COMPILER_APPICON_NAME = AppIcon;
				ASSETCATALOG_COMPILER_GLOBAL_ACCENT_COLOR_NAME = AccentColor;
				CODE_SIGN_STYLE = Automatic;
				CURRENT_PROJECT_VERSION = 1;
				DEVELOPMENT_ASSET_PATHS = "\"JOYS/Preview Content\"";
				ENABLE_PREVIEWS = YES;
				GENERATE_INFOPLIST_FILE = YES;
				INFOPLIST_KEY_UIApplicationSceneManifest_Generation = YES;
				INFOPLIST_KEY_UIApplicationSupportsIndirectInputEvents = YES;
				INFOPLIST_KEY_UILaunchScreen_Generation = YES;
				INFOPLIST_KEY_UILaunchStoryboardName = "Launch Screen2";
				INFOPLIST_KEY_UISupportedInterfaceOrientations_iPad = "UIInterfaceOrientationPortrait UIInterfaceOrientationPortraitUpsideDown UIInterfaceOrientationLandscapeLeft UIInterfaceOrientationLandscapeRight";
				INFOPLIST_KEY_UISupportedInterfaceOrientations_iPhone = "UIInterfaceOrientationPortrait UIInterfaceOrientationLandscapeLeft UIInterfaceOrientationLandscapeRight";
				LD_RUNPATH_SEARCH_PATHS = (
					"$(inherited)",
					"@executable_path/Frameworks",
				);
				MARKETING_VERSION = 1.0;
				PRODUCT_BUNDLE_IDENTIFIER = com.basmah.JOYS;
				PRODUCT_NAME = "$(TARGET_NAME)";
				SWIFT_EMIT_LOC_STRINGS = YES;
				SWIFT_VERSION = 5.0;
				TARGETED_DEVICE_FAMILY = "1,2";
			};
			name = Debug;
		};
		A5CB1C5D28BA28D5007C7969 /* Release */ = {
			isa = XCBuildConfiguration;
			buildSettings = {
				ASSETCATALOG_COMPILER_APPICON_NAME = AppIcon;
				ASSETCATALOG_COMPILER_GLOBAL_ACCENT_COLOR_NAME = AccentColor;
				CODE_SIGN_STYLE = Automatic;
				CURRENT_PROJECT_VERSION = 1;
				DEVELOPMENT_ASSET_PATHS = "\"JOYS/Preview Content\"";
				ENABLE_PREVIEWS = YES;
				GENERATE_INFOPLIST_FILE = YES;
				INFOPLIST_KEY_UIApplicationSceneManifest_Generation = YES;
				INFOPLIST_KEY_UIApplicationSupportsIndirectInputEvents = YES;
				INFOPLIST_KEY_UILaunchScreen_Generation = YES;
				INFOPLIST_KEY_UILaunchStoryboardName = "Launch Screen2";
				INFOPLIST_KEY_UISupportedInterfaceOrientations_iPad = "UIInterfaceOrientationPortrait UIInterfaceOrientationPortraitUpsideDown UIInterfaceOrientationLandscapeLeft UIInterfaceOrientationLandscapeRight";
				INFOPLIST_KEY_UISupportedInterfaceOrientations_iPhone = "UIInterfaceOrientationPortrait UIInterfaceOrientationLandscapeLeft UIInterfaceOrientationLandscapeRight";
				LD_RUNPATH_SEARCH_PATHS = (
					"$(inherited)",
					"@executable_path/Frameworks",
				);
				MARKETING_VERSION = 1.0;
				PRODUCT_BUNDLE_IDENTIFIER = com.basmah.JOYS;
				PRODUCT_NAME = "$(TARGET_NAME)";
				SWIFT_EMIT_LOC_STRINGS = YES;
				SWIFT_VERSION = 5.0;
				TARGETED_DEVICE_FAMILY = "1,2";
			};
			name = Release;
		};
/* End XCBuildConfiguration section */

/* Begin XCConfigurationList section */
		A5CB1C4828BA28D4007C7969 /* Build configuration list for PBXProject "JOYS" */ = {
			isa = XCConfigurationList;
			buildConfigurations = (
				A5CB1C5928BA28D5007C7969 /* Debug */,
				A5CB1C5A28BA28D5007C7969 /* Release */,
			);
			defaultConfigurationIsVisible = 0;
			defaultConfigurationName = Release;
		};
		A5CB1C5B28BA28D5007C7969 /* Build configuration list for PBXNativeTarget "JOYS" */ = {
			isa = XCConfigurationList;
			buildConfigurations = (
				A5CB1C5C28BA28D5007C7969 /* Debug */,
				A5CB1C5D28BA28D5007C7969 /* Release */,
			);
			defaultConfigurationIsVisible = 0;
			defaultConfigurationName = Release;
		};
/* End XCConfigurationList section */
	};
	rootObject = A5CB1C4528BA28D4007C7969 /* Project object */;
}
